{
  "name": "xState",
  "lockfileVersion": 3,
  "requires": true,
  "packages": {
    "": {
      "dependencies": {
        "xstate": "^5.14.0"
      }
    },
    "node_modules/xstate": {
      "version": "5.14.0",
      "resolved": "https://registry.npmjs.org/xstate/-/xstate-5.14.0.tgz",
      "integrity": "sha512-3c1H8dzebSODUSY1vM86zIE3Eg+VFzElvhklaF/ZTN5K2i6HsLc4j38qn9+TF2mHPTUFXrOn4M0Cxw9m63upLA==",
      "funding": {
        "type": "opencollective",
        "url": "https://opencollective.com/xstate"
      }
    }
  }
}
